
Microsoft Visual Studio Solution File, Format Version 12.00
# Visual Studio Version 16
VisualStudioVersion = 16.6.30114.105
MinimumVisualStudioVersion = 10.0.40219.1
Project("{2150E333-8FDC-42A3-9474-1A3956D46DE8}") = "src", "src", "{17652FBB-968C-4629-AC42-7DCC57A3082C}"
EndProject
Project("{FAE04EC0-301F-11D3-BF4B-00C04F79EFBC}") = "SecretSanta.Business", "src\SecretSanta.Business\SecretSanta.Business.csproj", "{A5B1DCC1-ACCE-4C5F-8F0F-74966D47E769}"
EndProject
Project("{FAE04EC0-301F-11D3-BF4B-00C04F79EFBC}") = "SecretSanta.Api", "src\SecretSanta.Api\SecretSanta.Api.csproj", "{A1E7B733-C347-4832-BA4D-EAEC66AC07FF}"
EndProject
Project("{FAE04EC0-301F-11D3-BF4B-00C04F79EFBC}") = "SecretSanta.Data", "src\SecretSanta.Data\SecretSanta.Data.csproj", "{91A2E110-680D-4B28-A530-96C4DD5EB4DF}"
EndProject
Project("{FAE04EC0-301F-11D3-BF4B-00C04F79EFBC}") = "SecretSanta.Web", "src\SecretSanta.Web\SecretSanta.Web.csproj", "{3B03928F-15BA-4DC6-BC6B-89115B7689E6}"
EndProject
Project("{2150E333-8FDC-42A3-9474-1A3956D46DE8}") = "test", "test", "{3329D52F-79AB-478E-A754-CD7CACD992EC}"
EndProject
Project("{FAE04EC0-301F-11D3-BF4B-00C04F79EFBC}") = "SecretSanta.Api.Tests", "test\SecretSanta.Api.Tests\SecretSanta.Api.Tests.csproj", "{6827EC4E-9EAD-45F7-97C1-A04B0ADF2D47}"
EndProject
Project("{FAE04EC0-301F-11D3-BF4B-00C04F79EFBC}") = "SecretSanta.Business.Tests", "test\SecretSanta.Business.Tests\SecretSanta.Business.Tests.csproj", "{292F86FD-2C45-40FA-A898-F9A3883F8AED}"
EndProject
Global
	GlobalSection(SolutionConfigurationPlatforms) = preSolution
		Debug|Any CPU = Debug|Any CPU
		Debug|x64 = Debug|x64
		Debug|x86 = Debug|x86
		Release|Any CPU = Release|Any CPU
		Release|x64 = Release|x64
		Release|x86 = Release|x86
	EndGlobalSection
	GlobalSection(SolutionProperties) = preSolution
		HideSolutionNode = FALSE
	EndGlobalSection
	GlobalSection(ProjectConfigurationPlatforms) = postSolution
		{A5B1DCC1-ACCE-4C5F-8F0F-74966D47E769}.Debug|Any CPU.ActiveCfg = Debug|Any CPU
		{A5B1DCC1-ACCE-4C5F-8F0F-74966D47E769}.Debug|Any CPU.Build.0 = Debug|Any CPU
		{A5B1DCC1-ACCE-4C5F-8F0F-74966D47E769}.Debug|x64.ActiveCfg = Debug|Any CPU
		{A5B1DCC1-ACCE-4C5F-8F0F-74966D47E769}.Debug|x64.Build.0 = Debug|Any CPU
		{A5B1DCC1-ACCE-4C5F-8F0F-74966D47E769}.Debug|x86.ActiveCfg = Debug|Any CPU
		{A5B1DCC1-ACCE-4C5F-8F0F-74966D47E769}.Debug|x86.Build.0 = Debug|Any CPU
		{A5B1DCC1-ACCE-4C5F-8F0F-74966D47E769}.Release|Any CPU.ActiveCfg = Release|Any CPU
		{A5B1DCC1-ACCE-4C5F-8F0F-74966D47E769}.Release|Any CPU.Build.0 = Release|Any CPU
		{A5B1DCC1-ACCE-4C5F-8F0F-74966D47E769}.Release|x64.ActiveCfg = Release|Any CPU
		{A5B1DCC1-ACCE-4C5F-8F0F-74966D47E769}.Release|x64.Build.0 = Release|Any CPU
		{A5B1DCC1-ACCE-4C5F-8F0F-74966D47E769}.Release|x86.ActiveCfg = Release|Any CPU
		{A5B1DCC1-ACCE-4C5F-8F0F-74966D47E769}.Release|x86.Build.0 = Release|Any CPU
		{A1E7B733-C347-4832-BA4D-EAEC66AC07FF}.Debug|Any CPU.ActiveCfg = Debug|Any CPU
		{A1E7B733-C347-4832-BA4D-EAEC66AC07FF}.Debug|Any CPU.Build.0 = Debug|Any CPU
		{A1E7B733-C347-4832-BA4D-EAEC66AC07FF}.Debug|x64.ActiveCfg = Debug|Any CPU
		{A1E7B733-C347-4832-BA4D-EAEC66AC07FF}.Debug|x64.Build.0 = Debug|Any CPU
		{A1E7B733-C347-4832-BA4D-EAEC66AC07FF}.Debug|x86.ActiveCfg = Debug|Any CPU
		{A1E7B733-C347-4832-BA4D-EAEC66AC07FF}.Debug|x86.Build.0 = Debug|Any CPU
		{A1E7B733-C347-4832-BA4D-EAEC66AC07FF}.Release|Any CPU.ActiveCfg = Release|Any CPU
		{A1E7B733-C347-4832-BA4D-EAEC66AC07FF}.Release|Any CPU.Build.0 = Release|Any CPU
		{A1E7B733-C347-4832-BA4D-EAEC66AC07FF}.Release|x64.ActiveCfg = Release|Any CPU
		{A1E7B733-C347-4832-BA4D-EAEC66AC07FF}.Release|x64.Build.0 = Release|Any CPU
		{A1E7B733-C347-4832-BA4D-EAEC66AC07FF}.Release|x86.ActiveCfg = Release|Any CPU
		{A1E7B733-C347-4832-BA4D-EAEC66AC07FF}.Release|x86.Build.0 = Release|Any CPU
		{91A2E110-680D-4B28-A530-96C4DD5EB4DF}.Debug|Any CPU.ActiveCfg = Debug|Any CPU
		{91A2E110-680D-4B28-A530-96C4DD5EB4DF}.Debug|Any CPU.Build.0 = Debug|Any CPU
		{91A2E110-680D-4B28-A530-96C4DD5EB4DF}.Debug|x64.ActiveCfg = Debug|Any CPU
		{91A2E110-680D-4B28-A530-96C4DD5EB4DF}.Debug|x64.Build.0 = Debug|Any CPU
		{91A2E110-680D-4B28-A530-96C4DD5EB4DF}.Debug|x86.ActiveCfg = Debug|Any CPU
		{91A2E110-680D-4B28-A530-96C4DD5EB4DF}.Debug|x86.Build.0 = Debug|Any CPU
		{91A2E110-680D-4B28-A530-96C4DD5EB4DF}.Release|Any CPU.ActiveCfg = Release|Any CPU
		{91A2E110-680D-4B28-A530-96C4DD5EB4DF}.Release|Any CPU.Build.0 = Release|Any CPU
		{91A2E110-680D-4B28-A530-96C4DD5EB4DF}.Release|x64.ActiveCfg = Release|Any CPU
		{91A2E110-680D-4B28-A530-96C4DD5EB4DF}.Release|x64.Build.0 = Release|Any CPU
		{91A2E110-680D-4B28-A530-96C4DD5EB4DF}.Release|x86.ActiveCfg = Release|Any CPU
		{91A2E110-680D-4B28-A530-96C4DD5EB4DF}.Release|x86.Build.0 = Release|Any CPU
		{3B03928F-15BA-4DC6-BC6B-89115B7689E6}.Debug|Any CPU.ActiveCfg = Debug|Any CPU
		{3B03928F-15BA-4DC6-BC6B-89115B7689E6}.Debug|Any CPU.Build.0 = Debug|Any CPU
		{3B03928F-15BA-4DC6-BC6B-89115B7689E6}.Debug|x64.ActiveCfg = Debug|Any CPU
		{3B03928F-15BA-4DC6-BC6B-89115B7689E6}.Debug|x64.Build.0 = Debug|Any CPU
		{3B03928F-15BA-4DC6-BC6B-89115B7689E6}.Debug|x86.ActiveCfg = Debug|Any CPU
		{3B03928F-15BA-4DC6-BC6B-89115B7689E6}.Debug|x86.Build.0 = Debug|Any CPU
		{3B03928F-15BA-4DC6-BC6B-89115B7689E6}.Release|Any CPU.ActiveCfg = Release|Any CPU
		{3B03928F-15BA-4DC6-BC6B-89115B7689E6}.Release|Any CPU.Build.0 = Release|Any CPU
		{3B03928F-15BA-4DC6-BC6B-89115B7689E6}.Release|x64.ActiveCfg = Release|Any CPU
		{3B03928F-15BA-4DC6-BC6B-89115B7689E6}.Release|x64.Build.0 = Release|Any CPU
		{3B03928F-15BA-4DC6-BC6B-89115B7689E6}.Release|x86.ActiveCfg = Release|Any CPU
		{3B03928F-15BA-4DC6-BC6B-89115B7689E6}.Release|x86.Build.0 = Release|Any CPU
		{6827EC4E-9EAD-45F7-97C1-A04B0ADF2D47}.Debug|Any CPU.ActiveCfg = Debug|Any CPU
		{6827EC4E-9EAD-45F7-97C1-A04B0ADF2D47}.Debug|Any CPU.Build.0 = Debug|Any CPU
		{6827EC4E-9EAD-45F7-97C1-A04B0ADF2D47}.Debug|x64.ActiveCfg = Debug|Any CPU
		{6827EC4E-9EAD-45F7-97C1-A04B0ADF2D47}.Debug|x64.Build.0 = Debug|Any CPU
		{6827EC4E-9EAD-45F7-97C1-A04B0ADF2D47}.Debug|x86.ActiveCfg = Debug|Any CPU
		{6827EC4E-9EAD-45F7-97C1-A04B0ADF2D47}.Debug|x86.Build.0 = Debug|Any CPU
		{6827EC4E-9EAD-45F7-97C1-A04B0ADF2D47}.Release|Any CPU.ActiveCfg = Release|Any CPU
		{6827EC4E-9EAD-45F7-97C1-A04B0ADF2D47}.Release|Any CPU.Build.0 = Release|Any CPU
		{6827EC4E-9EAD-45F7-97C1-A04B0ADF2D47}.Release|x64.ActiveCfg = Release|Any CPU
		{6827EC4E-9EAD-45F7-97C1-A04B0ADF2D47}.Release|x64.Build.0 = Release|Any CPU
		{6827EC4E-9EAD-45F7-97C1-A04B0ADF2D47}.Release|x86.ActiveCfg = Release|Any CPU
		{6827EC4E-9EAD-45F7-97C1-A04B0ADF2D47}.Release|x86.Build.0 = Release|Any CPU
		{292F86FD-2C45-40FA-A898-F9A3883F8AED}.Debug|Any CPU.ActiveCfg = Debug|Any CPU
		{292F86FD-2C45-40FA-A898-F9A3883F8AED}.Debug|Any CPU.Build.0 = Debug|Any CPU
		{292F86FD-2C45-40FA-A898-F9A3883F8AED}.Debug|x64.ActiveCfg = Debug|Any CPU
		{292F86FD-2C45-40FA-A898-F9A3883F8AED}.Debug|x64.Build.0 = Debug|Any CPU
		{292F86FD-2C45-40FA-A898-F9A3883F8AED}.Debug|x86.ActiveCfg = Debug|Any CPU
		{292F86FD-2C45-40FA-A898-F9A3883F8AED}.Debug|x86.Build.0 = Debug|Any CPU
		{292F86FD-2C45-40FA-A898-F9A3883F8AED}.Release|Any CPU.ActiveCfg = Release|Any CPU
		{292F86FD-2C45-40FA-A898-F9A3883F8AED}.Release|Any CPU.Build.0 = Release|Any CPU
		{292F86FD-2C45-40FA-A898-F9A3883F8AED}.Release|x64.ActiveCfg = Release|Any CPU
		{292F86FD-2C45-40FA-A898-F9A3883F8AED}.Release|x64.Build.0 = Release|Any CPU
		{292F86FD-2C45-40FA-A898-F9A3883F8AED}.Release|x86.ActiveCfg = Release|Any CPU
		{292F86FD-2C45-40FA-A898-F9A3883F8AED}.Release|x86.Build.0 = Release|Any CPU
	EndGlobalSection
	GlobalSection(NestedProjects) = preSolution
		{A5B1DCC1-ACCE-4C5F-8F0F-74966D47E769} = {17652FBB-968C-4629-AC42-7DCC57A3082C}
		{A1E7B733-C347-4832-BA4D-EAEC66AC07FF} = {17652FBB-968C-4629-AC42-7DCC57A3082C}
		{91A2E110-680D-4B28-A530-96C4DD5EB4DF} = {17652FBB-968C-4629-AC42-7DCC57A3082C}
		{3B03928F-15BA-4DC6-BC6B-89115B7689E6} = {17652FBB-968C-4629-AC42-7DCC57A3082C}
		{6827EC4E-9EAD-45F7-97C1-A04B0ADF2D47} = {3329D52F-79AB-478E-A754-CD7CACD992EC}
		{292F86FD-2C45-40FA-A898-F9A3883F8AED} = {3329D52F-79AB-478E-A754-CD7CACD992EC}
	EndGlobalSection
EndGlobal
